PODS:
  - SQLite.swift (0.11.4):
    - SQLite.swift/standard (= 0.11.4)
  - SQLite.swift/standard (0.11.4)

DEPENDENCIES:
  - SQLite.swift (= 0.11.4)

SPEC REPOS:
  https://github.com/cocoapods/specs.git:
    - SQLite.swift

SPEC CHECKSUMS:
  SQLite.swift: 3e3bee21da701b5b9f87c4a672cb54f233505692

PODFILE CHECKSUM: 8c01783cb85fef83f380306051a549751878283e

COCOAPODS: 1.5.3
